
Microsoft Visual Studio Solution File, Format Version 12.00
# Visual Studio Version 16
VisualStudioVersion = 16.0.30711.63
MinimumVisualStudioVersion = 10.0.40219.1
Project("{9A19103F-16F7-4668-BE54-9A1E7A4F7556}") = "DataStructures", "DataStructures\DataStructures.csproj", "{3E706BE2-36DD-42AF-81F8-EB47809B9C07}"
EndProject
Project("{9A19103F-16F7-4668-BE54-9A1E7A4F7556}") = "DataStructures.Test", "DataStructures.Test\DataStructures.Test.csproj", "{C2078C8B-4EEF-42C5-9073-25D03ACF125C}"
EndProject
Global
	GlobalSection(SolutionConfigurationPlatforms) = preSolution
		Debug|Any CPU = Debug|Any CPU
		Release|Any CPU = Release|Any CPU
	EndGlobalSection
	GlobalSection(ProjectConfigurationPlatforms) = postSolution
		{3E706BE2-36DD-42AF-81F8-EB47809B9C07}.Debug|Any CPU.ActiveCfg = Debug|Any CPU
		{3E706BE2-36DD-42AF-81F8-EB47809B9C07}.Debug|Any CPU.Build.0 = Debug|Any CPU
		{3E706BE2-36DD-42AF-81F8-EB47809B9C07}.Release|Any CPU.ActiveCfg = Release|Any CPU
		{3E706BE2-36DD-42AF-81F8-EB47809B9C07}.Release|Any CPU.Build.0 = Release|Any CPU
		{C2078C8B-4EEF-42C5-9073-25D03ACF125C}.Debug|Any CPU.ActiveCfg = Debug|Any CPU
		{C2078C8B-4EEF-42C5-9073-25D03ACF125C}.Debug|Any CPU.Build.0 = Debug|Any CPU
		{C2078C8B-4EEF-42C5-9073-25D03ACF125C}.Release|Any CPU.ActiveCfg = Release|Any CPU
		{C2078C8B-4EEF-42C5-9073-25D03ACF125C}.Release|Any CPU.Build.0 = Release|Any CPU
	EndGlobalSection
	GlobalSection(SolutionProperties) = preSolution
		HideSolutionNode = FALSE
	EndGlobalSection
	GlobalSection(ExtensibilityGlobals) = postSolution
		SolutionGuid = {3EE8860A-D797-480A-985A-B4C79C29819F}
	EndGlobalSection
EndGlobal
